{
  "requires": true,
  "lockfileVersion": 1,
  "dependencies": {
    "konva": {
      "version": "2.3.0",
      "resolved": "https://registry.npmjs.org/konva/-/konva-2.3.0.tgz",
      "integrity": "sha512-DkW5TOGGfKA1W6wBcIxMXBZMVLF9dgoIxjG03cNOFfyPCTYrJL4X1pQmRR3abbocJZK/UVKAPGYWr7+M1sizDA=="
    }
  }
}
